Microsoft Visual Studio Solution File, Format Version 12.00
# Visual Studio Version 17
VisualStudioVersion = 17.5.2.0
MinimumVisualStudioVersion = 10.0.40219.1
Project("{FAE04EC0-301F-11D3-BF4B-00C04F79EFBC}") = "CiscoNetworkGame", "CiscoNetworkGame.csproj", "{BC09CF9D-1A17-B299-6089-F1D116747532}"
EndProject
Global
	GlobalSection(SolutionConfigurationPlatforms) = preSolution
		Debug|Any CPU = Debug|Any CPU
		Release|Any CPU = Release|Any CPU
	EndGlobalSection
	GlobalSection(ProjectConfigurationPlatforms) = postSolution
		{BC09CF9D-1A17-B299-6089-F1D116747532}.Debug|Any CPU.ActiveCfg = Debug|Any CPU
		{BC09CF9D-1A17-B299-6089-F1D116747532}.Debug|Any CPU.Build.0 = Debug|Any CPU
		{BC09CF9D-1A17-B299-6089-F1D116747532}.Release|Any CPU.ActiveCfg = Release|Any CPU
		{BC09CF9D-1A17-B299-6089-F1D116747532}.Release|Any CPU.Build.0 = Release|Any CPU
	EndGlobalSection
	GlobalSection(SolutionProperties) = preSolution
		HideSolutionNode = FALSE
	EndGlobalSection
	GlobalSection(ExtensibilityGlobals) = postSolution
		SolutionGuid = {A7755B3E-9804-45A9-A9F4-F1E6E17E87E1}
	EndGlobalSection
EndGlobal
